
Microsoft Visual Studio Solution File, Format Version 12.00
# Visual Studio Version 16
VisualStudioVersion = 16.0.30804.86
MinimumVisualStudioVersion = 10.0.40219.1
Project("{9A19103F-16F7-4668-BE54-9A1E7A4F7556}") = "BookStoreApi", "BookStoreApi\BookStoreApi.csproj", "{AFA87C75-4B23-4167-BEAD-EC53C411EDD1}"
EndProject
Project("{9A19103F-16F7-4668-BE54-9A1E7A4F7556}") = "PublisherApi", "PublisherApi\PublisherApi.csproj", "{073CE8BD-78A9-4DE6-9D90-60218AE35883}"
EndProject
Project("{9A19103F-16F7-4668-BE54-9A1E7A4F7556}") = "BookStoreWeb", "BookStoreWeb\BookStoreWeb.csproj", "{E75199BD-D665-4B88-9270-4FA190737BAD}"
EndProject
Global
	GlobalSection(SolutionConfigurationPlatforms) = preSolution
		Debug|Any CPU = Debug|Any CPU
		Release|Any CPU = Release|Any CPU
	EndGlobalSection
	GlobalSection(ProjectConfigurationPlatforms) = postSolution
		{AFA87C75-4B23-4167-BEAD-EC53C411EDD1}.Debug|Any CPU.ActiveCfg = Debug|Any CPU
		{AFA87C75-4B23-4167-BEAD-EC53C411EDD1}.Debug|Any CPU.Build.0 = Debug|Any CPU
		{AFA87C75-4B23-4167-BEAD-EC53C411EDD1}.Release|Any CPU.ActiveCfg = Release|Any CPU
		{AFA87C75-4B23-4167-BEAD-EC53C411EDD1}.Release|Any CPU.Build.0 = Release|Any CPU
		{073CE8BD-78A9-4DE6-9D90-60218AE35883}.Debug|Any CPU.ActiveCfg = Debug|Any CPU
		{073CE8BD-78A9-4DE6-9D90-60218AE35883}.Debug|Any CPU.Build.0 = Debug|Any CPU
		{073CE8BD-78A9-4DE6-9D90-60218AE35883}.Release|Any CPU.ActiveCfg = Release|Any CPU
		{073CE8BD-78A9-4DE6-9D90-60218AE35883}.Release|Any CPU.Build.0 = Release|Any CPU
		{E75199BD-D665-4B88-9270-4FA190737BAD}.Debug|Any CPU.ActiveCfg = Debug|Any CPU
		{E75199BD-D665-4B88-9270-4FA190737BAD}.Debug|Any CPU.Build.0 = Debug|Any CPU
		{E75199BD-D665-4B88-9270-4FA190737BAD}.Release|Any CPU.ActiveCfg = Release|Any CPU
		{E75199BD-D665-4B88-9270-4FA190737BAD}.Release|Any CPU.Build.0 = Release|Any CPU
	EndGlobalSection
	GlobalSection(SolutionProperties) = preSolution
		HideSolutionNode = FALSE
	EndGlobalSection
	GlobalSection(ExtensibilityGlobals) = postSolution
		SolutionGuid = {124D183B-A79B-43F4-AC4B-3F248E51D06C}
	EndGlobalSection
EndGlobal
